
Microsoft Visual Studio Solution File, Format Version 12.00
# Visual Studio Version 16
VisualStudioVersion = 16.0.31105.61
MinimumVisualStudioVersion = 10.0.40219.1
Project("{FAE04EC0-301F-11D3-BF4B-00C04F79EFBC}") = "webapi-disney", "webapi-disney\webapi-disney.csproj", "{96A5DD74-F7B5-4528-8053-6A065BFD2033}"
EndProject
Global
	GlobalSection(SolutionConfigurationPlatforms) = preSolution
		Debug|Any CPU = Debug|Any CPU
		Release|Any CPU = Release|Any CPU
	EndGlobalSection
	GlobalSection(ProjectConfigurationPlatforms) = postSolution
		{96A5DD74-F7B5-4528-8053-6A065BFD2033}.Debug|Any CPU.ActiveCfg = Debug|Any CPU
		{96A5DD74-F7B5-4528-8053-6A065BFD2033}.Debug|Any CPU.Build.0 = Debug|Any CPU
		{96A5DD74-F7B5-4528-8053-6A065BFD2033}.Release|Any CPU.ActiveCfg = Release|Any CPU
		{96A5DD74-F7B5-4528-8053-6A065BFD2033}.Release|Any CPU.Build.0 = Release|Any CPU
	EndGlobalSection
	GlobalSection(SolutionProperties) = preSolution
		HideSolutionNode = FALSE
	EndGlobalSection
	GlobalSection(ExtensibilityGlobals) = postSolution
		SolutionGuid = {CDB68BF5-89A8-4177-ABCD-AFD429B09A66}
	EndGlobalSection
EndGlobal
